
Microsoft Visual Studio Solution File, Format Version 12.00
# Visual Studio Version 17
VisualStudioVersion = 17.2.32616.157
MinimumVisualStudioVersion = 10.0.40219.1
Project("{FAE04EC0-301F-11D3-BF4B-00C04F79EFBC}") = "WinAsynchMethod", "WinAsynchMethod.csproj", "{173D0A8D-507B-4B28-B3EA-52206EAC8537}"
EndProject
Global
	GlobalSection(SolutionConfigurationPlatforms) = preSolution
		Debug|Any CPU = Debug|Any CPU
		Release|Any CPU = Release|Any CPU
	EndGlobalSection
	GlobalSection(ProjectConfigurationPlatforms) = postSolution
		{173D0A8D-507B-4B28-B3EA-52206EAC8537}.Debug|Any CPU.ActiveCfg = Debug|Any CPU
		{173D0A8D-507B-4B28-B3EA-52206EAC8537}.Debug|Any CPU.Build.0 = Debug|Any CPU
		{173D0A8D-507B-4B28-B3EA-52206EAC8537}.Release|Any CPU.ActiveCfg = Release|Any CPU
		{173D0A8D-507B-4B28-B3EA-52206EAC8537}.Release|Any CPU.Build.0 = Release|Any CPU
	EndGlobalSection
	GlobalSection(SolutionProperties) = preSolution
		HideSolutionNode = FALSE
	EndGlobalSection
	GlobalSection(ExtensibilityGlobals) = postSolution
		SolutionGuid = {7A0E2925-6C8C-4446-9FCC-7C262A70EE0C}
	EndGlobalSection
EndGlobal
